// !$*UTF8*$!
{
	archiveVersion = 1;
	classes = {
	};
	objectVersion = 46;
	objects = {

/* Begin PBXBuildFile section */
		CE63B6B718CB181800D2C976 /* UserUC.mm in Sources */ = {isa = PBXBuildFile; fileRef = CE63B6B618CB181800D2C976 /* UserUC.mm */; };
		CEA1163318C983D800BD9F6D /* Foundation.framework in Frameworks */ = {isa = PBXBuildFile; fileRef = CEA1163218C983D800BD9F6D /* Foundation.framework */; };
		CEA1163818C983D800BD9F6D /* IAPOnlineUC.h in CopyFiles */ = {isa = PBXBuildFile; fileRef = CEA1163718C983D800BD9F6D /* IAPOnlineUC.h */; };
		CEA1165918C9858000BD9F6D /* UIKit.framework in Frameworks */ = {isa = PBXBuildFile; fileRef = CEA1165818C9858000BD9F6D /* UIKit.framework */; };
		CEA1165A18C9861200BD9F6D /* IAPOnlineUC.mm in Sources */ = {isa = PBXBuildFile; fileRef = CEA1163918C983D800BD9F6D /* IAPOnlineUC.mm */; };
		CEA1167B18C986E400BD9F6D /* UCGameSdk.framework in Frameworks */ = {isa = PBXBuildFile; fileRef = CEA1167A18C986E400BD9F6D /* UCGameSdk.framework */; };
		CEA117A518CA0E8500BD9F6D /* CoreText.framework in Frameworks */ = {isa = PBXBuildFile; fileRef = CEA117A418CA0E8500BD9F6D /* CoreText.framework */; };
		CEA117A718CA0E8D00BD9F6D /* MessageUI.framework in Frameworks */ = {isa = PBXBuildFile; fileRef = CEA117A618CA0E8D00BD9F6D /* MessageUI.framework */; };
		CEA117A918CA0E9B00BD9F6D /* libsqlite3.0.dylib in Frameworks */ = {isa = PBXBuildFile; fileRef = CEA117A818CA0E9B00BD9F6D /* libsqlite3.0.dylib */; };
		CEA117AB18CA0EA800BD9F6D /* QuartzCore.framework in Frameworks */ = {isa = PBXBuildFile; fileRef = CEA117AA18CA0EA800BD9F6D /* QuartzCore.framework */; };
		CEA117AD18CA0EB200BD9F6D /* MobileCoreServices.framework in Frameworks */ = {isa = PBXBuildFile; fileRef = CEA117AC18CA0EB200BD9F6D /* MobileCoreServices.framework */; };
		CEA117AF18CA0EC300BD9F6D /* CFNetwork.framework in Frameworks */ = {isa = PBXBuildFile; fileRef = CEA117AE18CA0EC300BD9F6D /* CFNetwork.framework */; };
		CEA117B118CA0ED700BD9F6D /* CoreGraphics.framework in Frameworks */ = {isa = PBXBuildFile; fileRef = CEA117B018CA0ED700BD9F6D /* CoreGraphics.framework */; };
		CEA117BF18CAB1FC00BD9F6D /* SystemConfiguration.framework in Frameworks */ = {isa = PBXBuildFile; fileRef = CEA117BE18CAB1FB00BD9F6D /* SystemConfiguration.framework */; };
		CEA117C318CAB37200BD9F6D /* libz.1.2.5.dylib in Frameworks */ = {isa = PBXBuildFile; fileRef = CEA117C218CAB37200BD9F6D /* libz.1.2.5.dylib */; };
		CEA117C518CAB37E00BD9F6D /* libxml2.dylib in Frameworks */ = {isa = PBXBuildFile; fileRef = CEA117C418CAB37E00BD9F6D /* libxml2.dylib */; };
/* End PBXBuildFile section */

/* Begin PBXCopyFilesBuildPhase section */
		CEA1162D18C983D800BD9F6D /* CopyFiles */ = {
			isa = PBXCopyFilesBuildPhase;
			buildActionMask = 2147483647;
			dstPath = "include/$(PRODUCT_NAME)";
			dstSubfolderSpec = 16;
			files = (
				CEA1163818C983D800BD9F6D /* IAPOnlineUC.h in CopyFiles */,
			);
			runOnlyForDeploymentPostprocessing = 0;
		};
/* End PBXCopyFilesBuildPhase section */

/* Begin PBXFileReference section */
		CE63B6B218CB173D00D2C976 /* UserUC.h */ = {isa = PBXFileReference; lastKnownFileType = sourcecode.c.h; path = UserUC.h; sourceTree = "<group>"; };
		CE63B6B618CB181800D2C976 /* UserUC.mm */ = {isa = PBXFileReference; fileEncoding = 4; lastKnownFileType = sourcecode.cpp.objcpp; path = UserUC.mm; sourceTree = "<group>"; };
		CEA1162F18C983D800BD9F6D /* libuc.a */ = {isa = PBXFileReference; explicitFileType = archive.ar; includeInIndex = 0; path = libuc.a; sourceTree = BUILT_PRODUCTS_DIR; };
		CEA1163218C983D800BD9F6D /* Foundation.framework */ = {isa = PBXFileReference; lastKnownFileType = wrapper.framework; name = Foundation.framework; path = System/Library/Frameworks/Foundation.framework; sourceTree = SDKROOT; };
		CEA1163618C983D800BD9F6D /* uc-Prefix.pch */ = {isa = PBXFileReference; lastKnownFileType = sourcecode.c.h; path = "uc-Prefix.pch"; sourceTree = "<group>"; };
		CEA1163718C983D800BD9F6D /* IAPOnlineUC.h */ = {isa = PBXFileReference; lastKnownFileType = sourcecode.c.h; path = IAPOnlineUC.h; sourceTree = "<group>"; };
		CEA1163918C983D800BD9F6D /* IAPOnlineUC.mm */ = {isa = PBXFileReference; lastKnownFileType = sourcecode.cpp.objcpp; path = IAPOnlineUC.mm; sourceTree = "<group>"; };
		CEA1165818C9858000BD9F6D /* UIKit.framework */ = {isa = PBXFileReference; lastKnownFileType = wrapper.framework; name = UIKit.framework; path = System/Library/Frameworks/UIKit.framework; sourceTree = SDKROOT; };
		CEA1166618C986E400BD9F6D /* bottom_menu.json */ = {isa = PBXFileReference; fileEncoding = 4; lastKnownFileType = text.json; path = bottom_menu.json; sourceTree = "<group>"; };
		CEA1166718C986E400BD9F6D /* button_back.png */ = {isa = PBXFileReference; lastKnownFileType = image.png; path = button_back.png; sourceTree = "<group>"; };
		CEA1166818C986E400BD9F6D /* button_back@2x.png */ = {isa = PBXFileReference; lastKnownFileType = image.png; path = "button_back@2x.png"; sourceTree = "<group>"; };
		CEA1166918C986E400BD9F6D /* button_bar.png */ = {isa = PBXFileReference; lastKnownFileType = image.png; path = button_bar.png; sourceTree = "<group>"; };
		CEA1166A18C986E400BD9F6D /* button_bar@2x.png */ = {isa = PBXFileReference; lastKnownFileType = image.png; path = "button_bar@2x.png"; sourceTree = "<group>"; };
		CEA1166B18C986E400BD9F6D /* Cordova.plist */ = {isa = PBXFileReference; fileEncoding = 4; lastKnownFileType = text.plist.xml; path = Cordova.plist; sourceTree = "<group>"; };
		CEA1166C18C986E400BD9F6D /* float_button.json */ = {isa = PBXFileReference; fileEncoding = 4; lastKnownFileType = text.json; path = float_button.json; sourceTree = "<group>"; };
		CEA1166D18C986E400BD9F6D /* float_button_position.json */ = {isa = PBXFileReference; fileEncoding = 4; lastKnownFileType = text.json; path = float_button_position.json; sourceTree = "<group>"; };
		CEA1166E18C986E400BD9F6D /* float_menu.json */ = {isa = PBXFileReference; fileEncoding = 4; lastKnownFileType = text.json; path = float_menu.json; sourceTree = "<group>"; };
		CEA1166F18C986E400BD9F6D /* init_uiproj_landscape.xml */ = {isa = PBXFileReference; fileEncoding = 4; lastKnownFileType = text.xml; path = init_uiproj_landscape.xml; sourceTree = "<group>"; };
		CEA1167018C986E400BD9F6D /* init_uiproj_portrait.xml */ = {isa = PBXFileReference; fileEncoding = 4; lastKnownFileType = text.xml; path = init_uiproj_portrait.xml; sourceTree = "<group>"; };
		CEA1167118C986E400BD9F6D /* tb_ui_config.json */ = {isa = PBXFileReference; fileEncoding = 4; lastKnownFileType = text.json; path = tb_ui_config.json; sourceTree = "<group>"; };
		CEA1167318C986E400BD9F6D /* tips_button.9.png */ = {isa = PBXFileReference; lastKnownFileType = image.png; path = tips_button.9.png; sourceTree = "<group>"; };
		CEA1167418C986E400BD9F6D /* tips_button_press.9.png */ = {isa = PBXFileReference; lastKnownFileType = image.png; path = tips_button_press.9.png; sourceTree = "<group>"; };
		CEA1167518C986E400BD9F6D /* tipsBackground.9.png */ = {isa = PBXFileReference; lastKnownFileType = image.png; path = tipsBackground.9.png; sourceTree = "<group>"; };
		CEA1167618C986E400BD9F6D /* tipsBackgroundSelected.9.png */ = {isa = PBXFileReference; lastKnownFileType = image.png; path = tipsBackgroundSelected.9.png; sourceTree = "<group>"; };
		CEA1167718C986E400BD9F6D /* tipsClose.png */ = {isa = PBXFileReference; lastKnownFileType = image.png; path = tipsClose.png; sourceTree = "<group>"; };
		CEA1167818C986E400BD9F6D /* tipsCloseActive.png */ = {isa = PBXFileReference; lastKnownFileType = image.png; path = tipsCloseActive.png; sourceTree = "<group>"; };
		CEA1167918C986E400BD9F6D /* tipsGameIcon.png */ = {isa = PBXFileReference; lastKnownFileType = image.png; path = tipsGameIcon.png; sourceTree = "<group>"; };
		CEA1167A18C986E400BD9F6D /* UCGameSdk.framework */ = {isa = PBXFileReference; lastKnownFileType = wrapper.framework; path = UCGameSdk.framework; sourceTree = "<group>"; };
		CEA1167C18C986F700BD9F6D /* ucgame */ = {isa = PBXFileReference; lastKnownFileType = folder; path = ucgame; sourceTree = "<group>"; };
		CEA117A418CA0E8500BD9F6D /* CoreText.framework */ = {isa = PBXFileReference; lastKnownFileType = wrapper.framework; name = CoreText.framework; path = System/Library/Frameworks/CoreText.framework; sourceTree = SDKROOT; };
		CEA117A618CA0E8D00BD9F6D /* MessageUI.framework */ = {isa = PBXFileReference; lastKnownFileType = wrapper.framework; name = MessageUI.framework; path = System/Library/Frameworks/MessageUI.framework; sourceTree = SDKROOT; };
		CEA117A818CA0E9B00BD9F6D /* libsqlite3.0.dylib */ = {isa = PBXFileReference; lastKnownFileType = "compiled.mach-o.dylib"; name = libsqlite3.0.dylib; path = usr/lib/libsqlite3.0.dylib; sourceTree = SDKROOT; };
		CEA117AA18CA0EA800BD9F6D /* QuartzCore.framework */ = {isa = PBXFileReference; lastKnownFileType = wrapper.framework; name = QuartzCore.framework; path = System/Library/Frameworks/QuartzCore.framework; sourceTree = SDKROOT; };
		CEA117AC18CA0EB200BD9F6D /* MobileCoreServices.framework */ = {isa = PBXFileReference; lastKnownFileType = wrapper.framework; name = MobileCoreServices.framework; path = System/Library/Frameworks/MobileCoreServices.framework; sourceTree = SDKROOT; };
		CEA117AE18CA0EC300BD9F6D /* CFNetwork.framework */ = {isa = PBXFileReference; lastKnownFileType = wrapper.framework; name = CFNetwork.framework; path = System/Library/Frameworks/CFNetwork.framework; sourceTree = SDKROOT; };
		CEA117B018CA0ED700BD9F6D /* CoreGraphics.framework */ = {isa = PBXFileReference; lastKnownFileType = wrapper.framework; name = CoreGraphics.framework; path = System/Library/Frameworks/CoreGraphics.framework; sourceTree = SDKROOT; };
		CEA117BE18CAB1FB00BD9F6D /* SystemConfiguration.framework */ = {isa = PBXFileReference; lastKnownFileType = wrapper.framework; name = SystemConfiguration.framework; path = System/Library/Frameworks/SystemConfiguration.framework; sourceTree = SDKROOT; };
		CEA117C218CAB37200BD9F6D /* libz.1.2.5.dylib */ = {isa = PBXFileReference; lastKnownFileType = "compiled.mach-o.dylib"; name = libz.1.2.5.dylib; path = usr/lib/libz.1.2.5.dylib; sourceTree = SDKROOT; };
		CEA117C418CAB37E00BD9F6D /* libxml2.dylib */ = {isa = PBXFileReference; lastKnownFileType = "compiled.mach-o.dylib"; name = libxml2.dylib; path = usr/lib/libxml2.dylib; sourceTree = SDKROOT; };
/* End PBXFileReference section */

/* Begin PBXFrameworksBuildPhase section */
		CEA1162C18C983D800BD9F6D /* Frameworks */ = {
			isa = PBXFrameworksBuildPhase;
			buildActionMask = 2147483647;
			files = (
				CEA117C518CAB37E00BD9F6D /* libxml2.dylib in Frameworks */,
				CEA117C318CAB37200BD9F6D /* libz.1.2.5.dylib in Frameworks */,
				CEA117BF18CAB1FC00BD9F6D /* SystemConfiguration.framework in Frameworks */,
				CEA117B118CA0ED700BD9F6D /* CoreGraphics.framework in Frameworks */,
				CEA1165918C9858000BD9F6D /* UIKit.framework in Frameworks */,
				CEA117AF18CA0EC300BD9F6D /* CFNetwork.framework in Frameworks */,
				CEA117AD18CA0EB200BD9F6D /* MobileCoreServices.framework in Frameworks */,
				CEA117AB18CA0EA800BD9F6D /* QuartzCore.framework in Frameworks */,
				CEA117A918CA0E9B00BD9F6D /* libsqlite3.0.dylib in Frameworks */,
				CEA117A718CA0E8D00BD9F6D /* MessageUI.framework in Frameworks */,
				CEA117A518CA0E8500BD9F6D /* CoreText.framework in Frameworks */,
				CEA1167B18C986E400BD9F6D /* UCGameSdk.framework in Frameworks */,
				CEA1163318C983D800BD9F6D /* Foundation.framework in Frameworks */,
			);
			runOnlyForDeploymentPostprocessing = 0;
		};
/* End PBXFrameworksBuildPhase section */

/* Begin PBXGroup section */
		CEA1162618C983D800BD9F6D = {
			isa = PBXGroup;
			children = (
				CEA1167C18C986F700BD9F6D /* ucgame */,
				CEA1166518C986E400BD9F6D /* Resource */,
				CEA1163418C983D800BD9F6D /* uc */,
				CEA1163118C983D800BD9F6D /* Frameworks */,
				CEA1163018C983D800BD9F6D /* Products */,
			);
			sourceTree = "<group>";
		};
		CEA1163018C983D800BD9F6D /* Products */ = {
			isa = PBXGroup;
			children = (
				CEA1162F18C983D800BD9F6D /* libuc.a */,
			);
			name = Products;
			sourceTree = "<group>";
		};
		CEA1163118C983D800BD9F6D /* Frameworks */ = {
			isa = PBXGroup;
			children = (
				CEA117C418CAB37E00BD9F6D /* libxml2.dylib */,
				CEA117C218CAB37200BD9F6D /* libz.1.2.5.dylib */,
				CEA117BE18CAB1FB00BD9F6D /* SystemConfiguration.framework */,
				CEA117B018CA0ED700BD9F6D /* CoreGraphics.framework */,
				CEA117AE18CA0EC300BD9F6D /* CFNetwork.framework */,
				CEA117AC18CA0EB200BD9F6D /* MobileCoreServices.framework */,
				CEA117AA18CA0EA800BD9F6D /* QuartzCore.framework */,
				CEA117A818CA0E9B00BD9F6D /* libsqlite3.0.dylib */,
				CEA117A618CA0E8D00BD9F6D /* MessageUI.framework */,
				CEA117A418CA0E8500BD9F6D /* CoreText.framework */,
				CEA1167A18C986E400BD9F6D /* UCGameSdk.framework */,
				CEA1165818C9858000BD9F6D /* UIKit.framework */,
				CEA1163218C983D800BD9F6D /* Foundation.framework */,
			);
			name = Frameworks;
			sourceTree = "<group>";
		};
		CEA1163418C983D800BD9F6D /* uc */ = {
			isa = PBXGroup;
			children = (
				CEA1163718C983D800BD9F6D /* IAPOnlineUC.h */,
				CEA1163918C983D800BD9F6D /* IAPOnlineUC.mm */,
				CE63B6B218CB173D00D2C976 /* UserUC.h */,
				CE63B6B618CB181800D2C976 /* UserUC.mm */,
				CEA1163518C983D800BD9F6D /* Supporting Files */,
			);
			path = uc;
			sourceTree = "<group>";
		};
		CEA1163518C983D800BD9F6D /* Supporting Files */ = {
			isa = PBXGroup;
			children = (
				CEA1163618C983D800BD9F6D /* uc-Prefix.pch */,
			);
			name = "Supporting Files";
			sourceTree = "<group>";
		};
		CEA1166518C986E400BD9F6D /* Resource */ = {
			isa = PBXGroup;
			children = (
				CEA1166618C986E400BD9F6D /* bottom_menu.json */,
				CEA1166718C986E400BD9F6D /* button_back.png */,
				CEA1166818C986E400BD9F6D /* button_back@2x.png */,
				CEA1166918C986E400BD9F6D /* button_bar.png */,
				CEA1166A18C986E400BD9F6D /* button_bar@2x.png */,
				CEA1166B18C986E400BD9F6D /* Cordova.plist */,
				CEA1166C18C986E400BD9F6D /* float_button.json */,
				CEA1166D18C986E400BD9F6D /* float_button_position.json */,
				CEA1166E18C986E400BD9F6D /* float_menu.json */,
				CEA1166F18C986E400BD9F6D /* init_uiproj_landscape.xml */,
				CEA1167018C986E400BD9F6D /* init_uiproj_portrait.xml */,
				CEA1167118C986E400BD9F6D /* tb_ui_config.json */,
				CEA1167218C986E400BD9F6D /* TipsImages */,
			);
			path = Resource;
			sourceTree = "<group>";
		};
		CEA1167218C986E400BD9F6D /* TipsImages */ = {
			isa = PBXGroup;
			children = (
				CEA1167318C986E400BD9F6D /* tips_button.9.png */,
				CEA1167418C986E400BD9F6D /* tips_button_press.9.png */,
				CEA1167518C986E400BD9F6D /* tipsBackground.9.png */,
				CEA1167618C986E400BD9F6D /* tipsBackgroundSelected.9.png */,
				CEA1167718C986E400BD9F6D /* tipsClose.png */,
				CEA1167818C986E400BD9F6D /* tipsCloseActive.png */,
				CEA1167918C986E400BD9F6D /* tipsGameIcon.png */,
			);
			path = TipsImages;
			sourceTree = "<group>";
		};
/* End PBXGroup section */

/* Begin PBXNativeTarget section */
		CEA1162E18C983D800BD9F6D /* uc */ = {
			isa = PBXNativeTarget;
			buildConfigurationList = CEA1165218C983D800BD9F6D /* Build configuration list for PBXNativeTarget "uc" */;
			buildPhases = (
				CEA1162B18C983D800BD9F6D /* Sources */,
				CEA1162C18C983D800BD9F6D /* Frameworks */,
				CEA1162D18C983D800BD9F6D /* CopyFiles */,
			);
			buildRules = (
			);
			dependencies = (
			);
			name = uc;
			productName = uc;
			productReference = CEA1162F18C983D800BD9F6D /* libuc.a */;
			productType = "com.apple.product-type.library.static";
		};
/* End PBXNativeTarget section */

/* Begin PBXProject section */
		CEA1162718C983D800BD9F6D /* Project object */ = {
			isa = PBXProject;
			attributes = {
				LastUpgradeCheck = 0500;
				ORGANIZATIONNAME = xiaolinfu;
			};
			buildConfigurationList = CEA1162A18C983D800BD9F6D /* Build configuration list for PBXProject "uc" */;
			compatibilityVersion = "Xcode 3.2";
			developmentRegion = English;
			hasScannedForEncodings = 0;
			knownRegions = (
				en,
			);
			mainGroup = CEA1162618C983D800BD9F6D;
			productRefGroup = CEA1163018C983D800BD9F6D /* Products */;
			projectDirPath = "";
			projectRoot = "";
			targets = (
				CEA1162E18C983D800BD9F6D /* uc */,
			);
		};
/* End PBXProject section */

/* Begin PBXSourcesBuildPhase section */
		CEA1162B18C983D800BD9F6D /* Sources */ = {
			isa = PBXSourcesBuildPhase;
			buildActionMask = 2147483647;
			files = (
				CE63B6B718CB181800D2C976 /* UserUC.mm in Sources */,
				CEA1165A18C9861200BD9F6D /* IAPOnlineUC.mm in Sources */,
			);
			runOnlyForDeploymentPostprocessing = 0;
		};
/* End PBXSourcesBuildPhase section */

/* Begin XCBuildConfiguration section */
		CEA1165018C983D800BD9F6D /* Debug */ = {
			isa = XCBuildConfiguration;
			buildSettings = {
				ALWAYS_SEARCH_USER_PATHS = NO;
				ARCHS = "$(ARCHS_STANDARD_INCLUDING_64_BIT)";
				CLANG_CXX_LANGUAGE_STANDARD = "gnu++0x";
				CLANG_CXX_LIBRARY = "libc++";
				CLANG_ENABLE_MODULES = YES;
				CLANG_ENABLE_OBJC_ARC = YES;
				CLANG_WARN_BOOL_CONVERSION = YES;
				CLANG_WARN_CONSTANT_CONVERSION = YES;
				CLANG_WARN_DIRECT_OBJC_ISA_USAGE = YES_ERROR;
				CLANG_WARN_EMPTY_BODY = YES;
				CLANG_WARN_ENUM_CONVERSION = YES;
				CLANG_WARN_INT_CONVERSION = YES;
				CLANG_WARN_OBJC_ROOT_CLASS = YES_ERROR;
				CLANG_WARN__DUPLICATE_METHOD_MATCH = YES;
				COPY_PHASE_STRIP = NO;
				GCC_C_LANGUAGE_STANDARD = gnu99;
				GCC_DYNAMIC_NO_PIC = NO;
				GCC_OPTIMIZATION_LEVEL = 0;
				GCC_PREPROCESSOR_DEFINITIONS = (
					"DEBUG=1",
					"$(inherited)",
				);
				GCC_SYMBOLS_PRIVATE_EXTERN = NO;
				GCC_WARN_64_TO_32_BIT_CONVERSION = YES;
				GCC_WARN_ABOUT_RETURN_TYPE = YES_ERROR;
				GCC_WARN_UNDECLARED_SELECTOR = YES;
				GCC_WARN_UNINITIALIZED_AUTOS = YES;
				GCC_WARN_UNUSED_FUNCTION = YES;
				GCC_WARN_UNUSED_VARIABLE = YES;
				IPHONEOS_DEPLOYMENT_TARGET = 7.0;
				ONLY_ACTIVE_ARCH = YES;
				SDKROOT = iphoneos;
			};
			name = Debug;
		};
		CEA1165118C983D800BD9F6D /* Release */ = {
			isa = XCBuildConfiguration;
			buildSettings = {
				ALWAYS_SEARCH_USER_PATHS = NO;
				ARCHS = "$(ARCHS_STANDARD_INCLUDING_64_BIT)";
				CLANG_CXX_LANGUAGE_STANDARD = "gnu++0x";
				CLANG_CXX_LIBRARY = "libc++";
				CLANG_ENABLE_MODULES = YES;
				CLANG_ENABLE_OBJC_ARC = YES;
				CLANG_WARN_BOOL_CONVERSION = YES;
				CLANG_WARN_CONSTANT_CONVERSION = YES;
				CLANG_WARN_DIRECT_OBJC_ISA_USAGE = YES_ERROR;
				CLANG_WARN_EMPTY_BODY = YES;
				CLANG_WARN_ENUM_CONVERSION = YES;
				CLANG_WARN_INT_CONVERSION = YES;
				CLANG_WARN_OBJC_ROOT_CLASS = YES_ERROR;
				CLANG_WARN__DUPLICATE_METHOD_MATCH = YES;
				COPY_PHASE_STRIP = YES;
				ENABLE_NS_ASSERTIONS = NO;
				GCC_C_LANGUAGE_STANDARD = gnu99;
				GCC_WARN_64_TO_32_BIT_CONVERSION = YES;
				GCC_WARN_ABOUT_RETURN_TYPE = YES_ERROR;
				GCC_WARN_UNDECLARED_SELECTOR = YES;
				GCC_WARN_UNINITIALIZED_AUTOS = YES;
				GCC_WARN_UNUSED_FUNCTION = YES;
				GCC_WARN_UNUSED_VARIABLE = YES;
				IPHONEOS_DEPLOYMENT_TARGET = 7.0;
				SDKROOT = iphoneos;
				VALIDATE_PRODUCT = YES;
			};
			name = Release;
		};
		CEA1165318C983D800BD9F6D /* Debug */ = {
			isa = XCBuildConfiguration;
			buildSettings = {
				ARCHS = "$(ARCHS_STANDARD_INCLUDING_64_BIT)";
				DSTROOT = /tmp/uc.dst;
				FRAMEWORK_SEARCH_PATHS = (
					"$(inherited)",
					/Users/xiaolinfu/Desktop/plugin/plugins/uc/proj.ios,
				);
				GCC_PRECOMPILE_PREFIX_HEADER = YES;
				GCC_PREFIX_HEADER = "uc/uc-Prefix.pch";
				HEADER_SEARCH_PATHS = (
					"$(inherited)",
					"/Applications/Xcode\\ 2.app/Contents/Developer/Toolchains/XcodeDefault.xctoolchain/usr/include",
					/Users/xiaolinfu/Desktop/plugin/protocols/platform/ios,
				);
				LINK_WITH_STANDARD_LIBRARIES = YES;
				MACH_O_TYPE = staticlib;
				ONLY_ACTIVE_ARCH = NO;
				OTHER_LDFLAGS = "-ObjC";
				PRODUCT_NAME = "$(TARGET_NAME)";
				SKIP_INSTALL = YES;
				VALID_ARCHS = armv7;
			};
			name = Debug;
		};
		CEA1165418C983D800BD9F6D /* Release */ = {
			isa = XCBuildConfiguration;
			buildSettings = {
				ARCHS = "$(ARCHS_STANDARD_INCLUDING_64_BIT)";
				DSTROOT = /tmp/uc.dst;
				FRAMEWORK_SEARCH_PATHS = (
					"$(inherited)",
					/Users/xiaolinfu/Desktop/plugin/plugins/uc/proj.ios,
				);
				GCC_PRECOMPILE_PREFIX_HEADER = YES;
				GCC_PREFIX_HEADER = "uc/uc-Prefix.pch";
				HEADER_SEARCH_PATHS = (
					"$(inherited)",
					"/Applications/Xcode\\ 2.app/Contents/Developer/Toolchains/XcodeDefault.xctoolchain/usr/include",
					/Users/xiaolinfu/Desktop/plugin/protocols/platform/ios,
				);
				LINK_WITH_STANDARD_LIBRARIES = YES;
				MACH_O_TYPE = staticlib;
				ONLY_ACTIVE_ARCH = NO;
				OTHER_LDFLAGS = "-ObjC";
				PRODUCT_NAME = "$(TARGET_NAME)";
				SKIP_INSTALL = YES;
				VALID_ARCHS = armv7;
			};
			name = Release;
		};
/* End XCBuildConfiguration section */

/* Begin XCConfigurationList section */
		CEA1162A18C983D800BD9F6D /* Build configuration list for PBXProject "uc" */ = {
			isa = XCConfigurationList;
			buildConfigurations = (
				CEA1165018C983D800BD9F6D /* Debug */,
				CEA1165118C983D800BD9F6D /* Release */,
			);
			defaultConfigurationIsVisible = 0;
			defaultConfigurationName = Release;
		};
		CEA1165218C983D800BD9F6D /* Build configuration list for PBXNativeTarget "uc" */ = {
			isa = XCConfigurationList;
			buildConfigurations = (
				CEA1165318C983D800BD9F6D /* Debug */,
				CEA1165418C983D800BD9F6D /* Release */,
			);
			defaultConfigurationIsVisible = 0;
			defaultConfigurationName = Release;
		};
/* End XCConfigurationList section */
	};
	rootObject = CEA1162718C983D800BD9F6D /* Project object */;
}
