// !$*UTF8*$!
{
	archiveVersion = 1;
	classes = {
	};
	objectVersion = 46;
	objects = {

/* Begin PBXBuildFile section */
		242579A31C92923A0004A9BF /* ShareWchat.m in Sources */ = {isa = PBXBuildFile; fileRef = 2425799A1C92923A0004A9BF /* ShareWchat.m */; };
		242579A41C92923A0004A9BF /* UserWchat.m in Sources */ = {isa = PBXBuildFile; fileRef = 2425799C1C92923A0004A9BF /* UserWchat.m */; };
		242579A51C92923A0004A9BF /* libWeChatSDK.a in Frameworks */ = {isa = PBXBuildFile; fileRef = 2425799E1C92923A0004A9BF /* libWeChatSDK.a */; };
		BA34A761195AA8C7002D0ECD /* Foundation.framework in Frameworks */ = {isa = PBXBuildFile; fileRef = BA34A760195AA8C7002D0ECD /* Foundation.framework */; };
/* End PBXBuildFile section */

/* Begin PBXCopyFilesBuildPhase section */
		BA34A75B195AA8C7002D0ECD /* CopyFiles */ = {
			isa = PBXCopyFilesBuildPhase;
			buildActionMask = 2147483647;
			dstPath = "include/$(PRODUCT_NAME)";
			dstSubfolderSpec = 16;
			files = (
			);
			runOnlyForDeploymentPostprocessing = 0;
		};
/* End PBXCopyFilesBuildPhase section */

/* Begin PBXFileReference section */
		242579991C92923A0004A9BF /* ShareWchat.h */ = {isa = PBXFileReference; fileEncoding = 4; lastKnownFileType = sourcecode.c.h; path = ShareWchat.h; sourceTree = "<group>"; };
		2425799A1C92923A0004A9BF /* ShareWchat.m */ = {isa = PBXFileReference; fileEncoding = 4; lastKnownFileType = sourcecode.c.objc; path = ShareWchat.m; sourceTree = "<group>"; };
		2425799B1C92923A0004A9BF /* UserWchat.h */ = {isa = PBXFileReference; fileEncoding = 4; lastKnownFileType = sourcecode.c.h; path = UserWchat.h; sourceTree = "<group>"; };
		2425799C1C92923A0004A9BF /* UserWchat.m */ = {isa = PBXFileReference; fileEncoding = 4; lastKnownFileType = sourcecode.c.objc; path = UserWchat.m; sourceTree = "<group>"; };
		2425799E1C92923A0004A9BF /* libWeChatSDK.a */ = {isa = PBXFileReference; lastKnownFileType = archive.ar; path = libWeChatSDK.a; sourceTree = "<group>"; };
		2425799F1C92923A0004A9BF /* read_me.txt */ = {isa = PBXFileReference; fileEncoding = 4; lastKnownFileType = text; path = read_me.txt; sourceTree = "<group>"; };
		242579A01C92923A0004A9BF /* WechatAuthSDK.h */ = {isa = PBXFileReference; fileEncoding = 4; lastKnownFileType = sourcecode.c.h; path = WechatAuthSDK.h; sourceTree = "<group>"; };
		242579A11C92923A0004A9BF /* WXApi.h */ = {isa = PBXFileReference; fileEncoding = 4; lastKnownFileType = sourcecode.c.h; path = WXApi.h; sourceTree = "<group>"; };
		242579A21C92923A0004A9BF /* WXApiObject.h */ = {isa = PBXFileReference; fileEncoding = 4; lastKnownFileType = sourcecode.c.h; path = WXApiObject.h; sourceTree = "<group>"; };
		242579B11C92948B0004A9BF /* PluginWchat-Prefix.pch */ = {isa = PBXFileReference; fileEncoding = 4; lastKnownFileType = sourcecode.c.h; path = "PluginWchat-Prefix.pch"; sourceTree = "<group>"; };
		BA34A75D195AA8C7002D0ECD /* libPluginWchat.a */ = {isa = PBXFileReference; explicitFileType = archive.ar; includeInIndex = 0; path = libPluginWchat.a; sourceTree = BUILT_PRODUCTS_DIR; };
		BA34A760195AA8C7002D0ECD /* Foundation.framework */ = {isa = PBXFileReference; lastKnownFileType = wrapper.framework; name = Foundation.framework; path = System/Library/Frameworks/Foundation.framework; sourceTree = SDKROOT; };
/* End PBXFileReference section */

/* Begin PBXFrameworksBuildPhase section */
		BA34A75A195AA8C7002D0ECD /* Frameworks */ = {
			isa = PBXFrameworksBuildPhase;
			buildActionMask = 2147483647;
			files = (
				BA34A761195AA8C7002D0ECD /* Foundation.framework in Frameworks */,
				242579A51C92923A0004A9BF /* libWeChatSDK.a in Frameworks */,
			);
			runOnlyForDeploymentPostprocessing = 0;
		};
/* End PBXFrameworksBuildPhase section */

/* Begin PBXGroup section */
		242579971C92923A0004A9BF /* PluginWchat */ = {
			isa = PBXGroup;
			children = (
				242579B11C92948B0004A9BF /* PluginWchat-Prefix.pch */,
				242579991C92923A0004A9BF /* ShareWchat.h */,
				2425799A1C92923A0004A9BF /* ShareWchat.m */,
				2425799B1C92923A0004A9BF /* UserWchat.h */,
				2425799C1C92923A0004A9BF /* UserWchat.m */,
			);
			path = PluginWchat;
			sourceTree = "<group>";
		};
		2425799D1C92923A0004A9BF /* sdk */ = {
			isa = PBXGroup;
			children = (
				2425799E1C92923A0004A9BF /* libWeChatSDK.a */,
				2425799F1C92923A0004A9BF /* read_me.txt */,
				242579A01C92923A0004A9BF /* WechatAuthSDK.h */,
				242579A11C92923A0004A9BF /* WXApi.h */,
				242579A21C92923A0004A9BF /* WXApiObject.h */,
			);
			path = sdk;
			sourceTree = "<group>";
		};
		BA34A754195AA8C7002D0ECD = {
			isa = PBXGroup;
			children = (
				242579971C92923A0004A9BF /* PluginWchat */,
				2425799D1C92923A0004A9BF /* sdk */,
				BA34A75F195AA8C7002D0ECD /* Frameworks */,
				BA34A75E195AA8C7002D0ECD /* Products */,
			);
			sourceTree = "<group>";
		};
		BA34A75E195AA8C7002D0ECD /* Products */ = {
			isa = PBXGroup;
			children = (
				BA34A75D195AA8C7002D0ECD /* libPluginWchat.a */,
			);
			name = Products;
			sourceTree = "<group>";
		};
		BA34A75F195AA8C7002D0ECD /* Frameworks */ = {
			isa = PBXGroup;
			children = (
				BA34A760195AA8C7002D0ECD /* Foundation.framework */,
			);
			name = Frameworks;
			sourceTree = "<group>";
		};
/* End PBXGroup section */

/* Begin PBXNativeTarget section */
		BA34A75C195AA8C7002D0ECD /* PluginWchat */ = {
			isa = PBXNativeTarget;
			buildConfigurationList = BA34A780195AA8C7002D0ECD /* Build configuration list for PBXNativeTarget "PluginWchat" */;
			buildPhases = (
				BA34A759195AA8C7002D0ECD /* Sources */,
				BA34A75A195AA8C7002D0ECD /* Frameworks */,
				BA34A75B195AA8C7002D0ECD /* CopyFiles */,
			);
			buildRules = (
			);
			dependencies = (
			);
			name = PluginWchat;
			productName = PluginFacebook;
			productReference = BA34A75D195AA8C7002D0ECD /* libPluginWchat.a */;
			productType = "com.apple.product-type.library.static";
		};
/* End PBXNativeTarget section */

/* Begin PBXProject section */
		BA34A755195AA8C7002D0ECD /* Project object */ = {
			isa = PBXProject;
			attributes = {
				LastUpgradeCheck = 0510;
				ORGANIZATIONNAME = "Cocos2d-x";
			};
			buildConfigurationList = BA34A758195AA8C7002D0ECD /* Build configuration list for PBXProject "PluginWchat" */;
			compatibilityVersion = "Xcode 3.2";
			developmentRegion = English;
			hasScannedForEncodings = 0;
			knownRegions = (
				en,
			);
			mainGroup = BA34A754195AA8C7002D0ECD;
			productRefGroup = BA34A75E195AA8C7002D0ECD /* Products */;
			projectDirPath = "";
			projectRoot = "";
			targets = (
				BA34A75C195AA8C7002D0ECD /* PluginWchat */,
			);
		};
/* End PBXProject section */

/* Begin PBXSourcesBuildPhase section */
		BA34A759195AA8C7002D0ECD /* Sources */ = {
			isa = PBXSourcesBuildPhase;
			buildActionMask = 2147483647;
			files = (
				242579A41C92923A0004A9BF /* UserWchat.m in Sources */,
				242579A31C92923A0004A9BF /* ShareWchat.m in Sources */,
			);
			runOnlyForDeploymentPostprocessing = 0;
		};
/* End PBXSourcesBuildPhase section */

/* Begin XCBuildConfiguration section */
		BA34A77E195AA8C7002D0ECD /* Debug */ = {
			isa = XCBuildConfiguration;
			buildSettings = {
				ALWAYS_SEARCH_USER_PATHS = NO;
				CLANG_CXX_LANGUAGE_STANDARD = "gnu++0x";
				CLANG_CXX_LIBRARY = "libc++";
				CLANG_ENABLE_MODULES = YES;
				CLANG_ENABLE_OBJC_ARC = YES;
				CLANG_WARN_BOOL_CONVERSION = YES;
				CLANG_WARN_CONSTANT_CONVERSION = YES;
				CLANG_WARN_DIRECT_OBJC_ISA_USAGE = YES_ERROR;
				CLANG_WARN_EMPTY_BODY = YES;
				CLANG_WARN_ENUM_CONVERSION = YES;
				CLANG_WARN_INT_CONVERSION = YES;
				CLANG_WARN_OBJC_ROOT_CLASS = YES_ERROR;
				CLANG_WARN__DUPLICATE_METHOD_MATCH = YES;
				COPY_PHASE_STRIP = NO;
				GCC_C_LANGUAGE_STANDARD = gnu99;
				GCC_DYNAMIC_NO_PIC = NO;
				GCC_OPTIMIZATION_LEVEL = 0;
				GCC_PREPROCESSOR_DEFINITIONS = (
					"DEBUG=1",
					"$(inherited)",
				);
				GCC_SYMBOLS_PRIVATE_EXTERN = NO;
				GCC_WARN_64_TO_32_BIT_CONVERSION = YES;
				GCC_WARN_ABOUT_RETURN_TYPE = YES_ERROR;
				GCC_WARN_UNDECLARED_SELECTOR = YES;
				GCC_WARN_UNINITIALIZED_AUTOS = YES_AGGRESSIVE;
				GCC_WARN_UNUSED_FUNCTION = YES;
				GCC_WARN_UNUSED_VARIABLE = YES;
				IPHONEOS_DEPLOYMENT_TARGET = 7.1;
				ONLY_ACTIVE_ARCH = YES;
				SDKROOT = iphoneos;
			};
			name = Debug;
		};
		BA34A77F195AA8C7002D0ECD /* Release */ = {
			isa = XCBuildConfiguration;
			buildSettings = {
				ALWAYS_SEARCH_USER_PATHS = NO;
				CLANG_CXX_LANGUAGE_STANDARD = "gnu++0x";
				CLANG_CXX_LIBRARY = "libc++";
				CLANG_ENABLE_MODULES = YES;
				CLANG_ENABLE_OBJC_ARC = YES;
				CLANG_WARN_BOOL_CONVERSION = YES;
				CLANG_WARN_CONSTANT_CONVERSION = YES;
				CLANG_WARN_DIRECT_OBJC_ISA_USAGE = YES_ERROR;
				CLANG_WARN_EMPTY_BODY = YES;
				CLANG_WARN_ENUM_CONVERSION = YES;
				CLANG_WARN_INT_CONVERSION = YES;
				CLANG_WARN_OBJC_ROOT_CLASS = YES_ERROR;
				CLANG_WARN__DUPLICATE_METHOD_MATCH = YES;
				COPY_PHASE_STRIP = YES;
				ENABLE_NS_ASSERTIONS = NO;
				GCC_C_LANGUAGE_STANDARD = gnu99;
				GCC_WARN_64_TO_32_BIT_CONVERSION = YES;
				GCC_WARN_ABOUT_RETURN_TYPE = YES_ERROR;
				GCC_WARN_UNDECLARED_SELECTOR = YES;
				GCC_WARN_UNINITIALIZED_AUTOS = YES_AGGRESSIVE;
				GCC_WARN_UNUSED_FUNCTION = YES;
				GCC_WARN_UNUSED_VARIABLE = YES;
				IPHONEOS_DEPLOYMENT_TARGET = 7.1;
				SDKROOT = iphoneos;
				VALIDATE_PRODUCT = YES;
			};
			name = Release;
		};
		BA34A781195AA8C7002D0ECD /* Debug */ = {
			isa = XCBuildConfiguration;
			buildSettings = {
				CLANG_ENABLE_OBJC_ARC = NO;
				DSTROOT = /tmp/PluginFacebook.dst;
				FRAMEWORK_SEARCH_PATHS = (
					"$(inherited)",
					"$(PROJECT_DIR)/sdk",
				);
				GCC_PRECOMPILE_PREFIX_HEADER = YES;
				GCC_PREFIX_HEADER = "PluginWchat/PluginWchat-Prefix.pch";
				HEADER_SEARCH_PATHS = "$(SRCROOT)/../../../protocols/platform/ios";
				LIBRARY_SEARCH_PATHS = (
					"$(inherited)",
					"$(PROJECT_DIR)/sdk",
				);
				OTHER_LDFLAGS = "-ObjC";
				PRODUCT_NAME = PluginWchat;
				SKIP_INSTALL = YES;
				VALID_ARCHS = "arm64 armv7";
			};
			name = Debug;
		};
		BA34A782195AA8C7002D0ECD /* Release */ = {
			isa = XCBuildConfiguration;
			buildSettings = {
				CLANG_ENABLE_OBJC_ARC = NO;
				DSTROOT = /tmp/PluginFacebook.dst;
				FRAMEWORK_SEARCH_PATHS = (
					"$(inherited)",
					"$(PROJECT_DIR)/sdk",
				);
				GCC_PRECOMPILE_PREFIX_HEADER = YES;
				GCC_PREFIX_HEADER = "PluginWchat/PluginWchat-Prefix.pch";
				HEADER_SEARCH_PATHS = "$(SRCROOT)/../../../protocols/platform/ios";
				LIBRARY_SEARCH_PATHS = (
					"$(inherited)",
					"$(PROJECT_DIR)/sdk",
				);
				OTHER_LDFLAGS = "-ObjC";
				PRODUCT_NAME = PluginWchat;
				SKIP_INSTALL = YES;
				VALID_ARCHS = "arm64 armv7";
			};
			name = Release;
		};
/* End XCBuildConfiguration section */

/* Begin XCConfigurationList section */
		BA34A758195AA8C7002D0ECD /* Build configuration list for PBXProject "PluginWchat" */ = {
			isa = XCConfigurationList;
			buildConfigurations = (
				BA34A77E195AA8C7002D0ECD /* Debug */,
				BA34A77F195AA8C7002D0ECD /* Release */,
			);
			defaultConfigurationIsVisible = 0;
			defaultConfigurationName = Release;
		};
		BA34A780195AA8C7002D0ECD /* Build configuration list for PBXNativeTarget "PluginWchat" */ = {
			isa = XCConfigurationList;
			buildConfigurations = (
				BA34A781195AA8C7002D0ECD /* Debug */,
				BA34A782195AA8C7002D0ECD /* Release */,
			);
			defaultConfigurationIsVisible = 0;
			defaultConfigurationName = Release;
		};
/* End XCConfigurationList section */
	};
	rootObject = BA34A755195AA8C7002D0ECD /* Project object */;
}
